PODS:
  - lottie-ios (3.1.9)
  - SwiftLint (0.42.0)

DEPENDENCIES:
  - lottie-ios
  - SwiftLint

SPEC REPOS:
  trunk:
    - lottie-ios
    - SwiftLint

SPEC CHECKSUMS:
  lottie-ios: 3a3758ef5a008e762faec9c9d50a39842f26d124
  SwiftLint: 4fa9579c63416865179bc416f0a92d55f009600d

PODFILE CHECKSUM: 6c99eb53dd1bd792becd444701a656d73367dce1

COCOAPODS: 1.10.1
